
Microsoft Visual Studio Solution File, Format Version 12.00
# Visual Studio Version 17
VisualStudioVersion = 17.6.33829.357
MinimumVisualStudioVersion = 10.0.40219.1
Project("{FAE04EC0-301F-11D3-BF4B-00C04F79EFBC}") = "Helpers_planet", "Helpers_planet\Helpers_planet.csproj", "{0910AABA-20BB-4938-B2DF-545A99D2D4B6}"
EndProject
Project("{FAE04EC0-301F-11D3-BF4B-00C04F79EFBC}") = "AdminSide", "AdminSide\AdminSide.csproj", "{5D457127-664B-4104-AD3A-D83C215FF71D}"
EndProject
Global
	GlobalSection(SolutionConfigurationPlatforms) = preSolution
		Debug|Any CPU = Debug|Any CPU
		Release|Any CPU = Release|Any CPU
	EndGlobalSection
	GlobalSection(ProjectConfigurationPlatforms) = postSolution
		{0910AABA-20BB-4938-B2DF-545A99D2D4B6}.Debug|Any CPU.ActiveCfg = Debug|Any CPU
		{0910AABA-20BB-4938-B2DF-545A99D2D4B6}.Debug|Any CPU.Build.0 = Debug|Any CPU
		{0910AABA-20BB-4938-B2DF-545A99D2D4B6}.Release|Any CPU.ActiveCfg = Release|Any CPU
		{0910AABA-20BB-4938-B2DF-545A99D2D4B6}.Release|Any CPU.Build.0 = Release|Any CPU
		{5D457127-664B-4104-AD3A-D83C215FF71D}.Debug|Any CPU.ActiveCfg = Debug|Any CPU
		{5D457127-664B-4104-AD3A-D83C215FF71D}.Debug|Any CPU.Build.0 = Debug|Any CPU
		{5D457127-664B-4104-AD3A-D83C215FF71D}.Release|Any CPU.ActiveCfg = Release|Any CPU
		{5D457127-664B-4104-AD3A-D83C215FF71D}.Release|Any CPU.Build.0 = Release|Any CPU
	EndGlobalSection
	GlobalSection(SolutionProperties) = preSolution
		HideSolutionNode = FALSE
	EndGlobalSection
	GlobalSection(ExtensibilityGlobals) = postSolution
		SolutionGuid = {38E27AC9-D820-436C-9346-74478A04B52C}
	EndGlobalSection
EndGlobal
